{
  "version": 4,
  "terraform_version": "1.14.0",
  "serial": 21,
  "lineage": "67c82f43-f1ed-e138-f6b3-703727a9a880",
  "outputs": {},
  "resources": [
    {
      "mode": "managed",
      "type": "aws_iam_user",
      "name": "cloud",
      "provider": "provider[\"registry.terraform.io/hashicorp/aws\"]",
      "instances": [
        {
          "schema_version": 0,
          "attributes": {
            "arn": "arn:aws:iam::103991883267:user/cloud-user",
            "force_destroy": false,
            "id": "cloud-user",
            "name": "cloud-user",
            "path": "/",
            "permissions_boundary": "",
            "tags": null,
            "tags_all": {},
            "unique_id": "AIDARQNTGGYBYNGFKCQSI"
          },
          "sensitive_attributes": [],
          "identity_schema_version": 0,
          "private": "bnVsbA=="
        }
      ]
    }
  ],
  "check_results": null
}
